%{
  "elixir_make": {:hex, :elixir_make, "0.7.3", "c37fdae1b52d2cc51069713a58c2314877c1ad40800a57efb213f77b078a460d", [:mix], [{:castore, "~> 0.1", [hex: :castore, repo: "hexpm", optional: true]}], "hexpm", "24ada3e3996adbed1fa024ca14995ef2ba3d0d17b678b0f3f2b1f66e6ce2b274"},
  "rclex": {:hex, :rclex, "0.8.3", "68023f8a865a2a185c3780702e01f69fdd1d92a2ef8a14ee40e1d52512380279", [:make, :mix], [{:elixir_make, "~> 0.4", [hex: :elixir_make, repo: "hexpm", optional: false]}], "hexpm", "39c3aafc1f7c644ca531bb3f4e9e03bd6c5742479968779435a0a5444f72439f"},
}
