%{
  "elixir_make": {:hex, :elixir_make, "0.7.0", "03e6a43ac701a2afee73bb5dd030b4dcddcb403bf81abb4753c1da64521cd05d", [:mix], [{:castore, "~> 0.1", [hex: :castore, repo: "hexpm", optional: true]}], "hexpm", "b1ccb45cc1c5df16349473b52adbd718f362585a5481d761b8a9fdb45f25b303"},
  "rclex": {:hex, :rclex, "0.8.2", "f07f235e32ba6c02d024a945457bce3eba101650e44bbcafa593e62a2e4c9efd", [:make, :mix], [{:elixir_make, "~> 0.4", [hex: :elixir_make, repo: "hexpm", optional: false]}], "hexpm", "42afc1e1fb31f7296b407732176d7b652bcb3076a9e2240149a75d8ed498b7fe"},
  "rclex_gen_msgs": {:hex, :rclex_gen_msgs, "0.1.0", "265c9dc6a5e820e12a669d3c5eedcaf1a89d340f93b99ae6f5505a610850cc92", [:mix], [], "hexpm", "a6b190dcfb98d45452eeab4145250f9ea4ed65444bf4a146cbe5ed704ae625fb"},
}
